
Microsoft Visual Studio Solution File, Format Version 12.00
# Visual Studio 2013
VisualStudioVersion = 12.0.30723.0
MinimumVisualStudioVersion = 10.0.40219.1
Project("{FAE04EC0-301F-11D3-BF4B-00C04F79EFBC}") = "RPG_ver_1", "RPG_ver_1\RPG_ver_1.csproj", "{B1F11631-15A0-4D66-AD81-D2BC5912EAF7}"
EndProject
Global
	GlobalSection(SolutionConfigurationPlatforms) = preSolution
		Debug|Any CPU = Debug|Any CPU
		Release|Any CPU = Release|Any CPU
	EndGlobalSection
	GlobalSection(ProjectConfigurationPlatforms) = postSolution
		{B1F11631-15A0-4D66-AD81-D2BC5912EAF7}.Debug|Any CPU.ActiveCfg = Debug|Any CPU
		{B1F11631-15A0-4D66-AD81-D2BC5912EAF7}.Debug|Any CPU.Build.0 = Debug|Any CPU
		{B1F11631-15A0-4D66-AD81-D2BC5912EAF7}.Release|Any CPU.ActiveCfg = Release|Any CPU
		{B1F11631-15A0-4D66-AD81-D2BC5912EAF7}.Release|Any CPU.Build.0 = Release|Any CPU
	EndGlobalSection
	GlobalSection(SolutionProperties) = preSolution
		HideSolutionNode = FALSE
	EndGlobalSection
EndGlobal
